Microsoft Visual Studio Solution File, Format Version 11.00
# Visual Studio 2008

Project("{4142C74F-FA78-2038-CD83-7D3E237162F7}") = "UnityProject (Latest)", "Assembly-CSharp-firstpass.csproj", "{2FE569BA-C9A5-5851-C804-F522C6889ADA}"
EndProject
Project("{4142C74F-FA78-2038-CD83-7D3E237162F7}") = "UnityProject (Latest)", "Assembly-CSharp.csproj", "{BBA26E25-8FC8-DAF3-3CAA-D27C2C24C18D}"
EndProject
Project("{4142C74F-FA78-2038-CD83-7D3E237162F7}") = "UnityProject (Latest)", "Assembly-CSharp-Editor-firstpass.csproj", "{65ACF149-3431-BEFD-A9D2-0314F6E865EA}"
EndProject
Global
	GlobalSection(SolutionConfigurationPlatforms) = preSolution
		Debug|Any CPU = Debug|Any CPU
		Release|Any CPU = Release|Any CPU
	EndGlobalSection
	GlobalSection(ProjectConfigurationPlatforms) = postSolution
		{2FE569BA-C9A5-5851-C804-F522C6889ADA}.Debug|Any CPU.ActiveCfg = Debug|Any CPU
		{2FE569BA-C9A5-5851-C804-F522C6889ADA}.Debug|Any CPU.Build.0 = Debug|Any CPU
		{2FE569BA-C9A5-5851-C804-F522C6889ADA}.Release|Any CPU.ActiveCfg = Release|Any CPU
		{2FE569BA-C9A5-5851-C804-F522C6889ADA}.Release|Any CPU.Build.0 = Release|Any CPU
		{BBA26E25-8FC8-DAF3-3CAA-D27C2C24C18D}.Debug|Any CPU.ActiveCfg = Debug|Any CPU
		{BBA26E25-8FC8-DAF3-3CAA-D27C2C24C18D}.Debug|Any CPU.Build.0 = Debug|Any CPU
		{BBA26E25-8FC8-DAF3-3CAA-D27C2C24C18D}.Release|Any CPU.ActiveCfg = Release|Any CPU
		{BBA26E25-8FC8-DAF3-3CAA-D27C2C24C18D}.Release|Any CPU.Build.0 = Release|Any CPU
		{65ACF149-3431-BEFD-A9D2-0314F6E865EA}.Debug|Any CPU.ActiveCfg = Debug|Any CPU
		{65ACF149-3431-BEFD-A9D2-0314F6E865EA}.Debug|Any CPU.Build.0 = Debug|Any CPU
		{65ACF149-3431-BEFD-A9D2-0314F6E865EA}.Release|Any CPU.ActiveCfg = Release|Any CPU
		{65ACF149-3431-BEFD-A9D2-0314F6E865EA}.Release|Any CPU.Build.0 = Release|Any CPU
	EndGlobalSection
	GlobalSection(SolutionProperties) = preSolution
		HideSolutionNode = FALSE
	EndGlobalSection
	GlobalSection(MonoDevelopProperties) = preSolution
		StartupItem = Assembly-CSharp.csproj
	EndGlobalSection
EndGlobal
