Microsoft Visual Studio Solution File, Format Version 11.00
# Visual Studio 2008

Project("{4142C74F-FA78-2038-CD83-7D3E237162F7}") = "UnityProject (Latest)", "Assembly-CSharp-firstpass.csproj", "{2FE569BA-C9A5-5851-C804-F522C6889ADA}"
EndProject
Project("{4142C74F-FA78-2038-CD83-7D3E237162F7}") = "UnityProject (Latest)", "Assembly-CSharp.csproj", "{BBA26E25-8FC8-DAF3-3CAA-D27C2C24C18D}"
EndProject
Project("{4142C74F-FA78-2038-CD83-7D3E237162F7}") = "UnityProject (Latest)", "Assembly-CSharp-Editor.csproj", "{5D647C99-49C9-A5CC-4D5D-BA93A3E60E8D}"
EndProject
Global
	GlobalSection(SolutionConfigurationPlatforms) = preSolution
		Debug|Any CPU = Debug|Any CPU
		Release|Any CPU = Release|Any CPU
	EndGlobalSection
	GlobalSection(ProjectConfigurationPlatforms) = postSolution
		{2FE569BA-C9A5-5851-C804-F522C6889ADA}.Debug|Any CPU.ActiveCfg = Debug|Any CPU
		{2FE569BA-C9A5-5851-C804-F522C6889ADA}.Debug|Any CPU.Build.0 = Debug|Any CPU
		{2FE569BA-C9A5-5851-C804-F522C6889ADA}.Release|Any CPU.ActiveCfg = Release|Any CPU
		{2FE569BA-C9A5-5851-C804-F522C6889ADA}.Release|Any CPU.Build.0 = Release|Any CPU
		{BBA26E25-8FC8-DAF3-3CAA-D27C2C24C18D}.Debug|Any CPU.ActiveCfg = Debug|Any CPU
		{BBA26E25-8FC8-DAF3-3CAA-D27C2C24C18D}.Debug|Any CPU.Build.0 = Debug|Any CPU
		{BBA26E25-8FC8-DAF3-3CAA-D27C2C24C18D}.Release|Any CPU.ActiveCfg = Release|Any CPU
		{BBA26E25-8FC8-DAF3-3CAA-D27C2C24C18D}.Release|Any CPU.Build.0 = Release|Any CPU
		{5D647C99-49C9-A5CC-4D5D-BA93A3E60E8D}.Debug|Any CPU.ActiveCfg = Debug|Any CPU
		{5D647C99-49C9-A5CC-4D5D-BA93A3E60E8D}.Debug|Any CPU.Build.0 = Debug|Any CPU
		{5D647C99-49C9-A5CC-4D5D-BA93A3E60E8D}.Release|Any CPU.ActiveCfg = Release|Any CPU
		{5D647C99-49C9-A5CC-4D5D-BA93A3E60E8D}.Release|Any CPU.Build.0 = Release|Any CPU
	EndGlobalSection
	GlobalSection(SolutionProperties) = preSolution
		HideSolutionNode = FALSE
	EndGlobalSection
	GlobalSection(MonoDevelopProperties) = preSolution
		StartupItem = Assembly-CSharp.csproj
		Policies = $0
		$0.TextStylePolicy = $1
		$1.inheritsSet = null
		$1.scope = text/x-csharp
		$0.CSharpFormattingPolicy = $2
		$2.inheritsSet = Mono
		$2.inheritsScope = text/x-csharp
		$2.scope = text/x-csharp
		$0.TextStylePolicy = $3
		$3.FileWidth = 120
		$3.TabWidth = 4
		$3.IndentWidth = 4
		$3.EolMarker = Unix
		$3.inheritsSet = Mono
		$3.inheritsScope = text/plain
		$3.scope = text/plain
	EndGlobalSection
EndGlobal
